
Microsoft Visual Studio Solution File, Format Version 12.00
# Visual Studio 15
VisualStudioVersion = 15.0.28307.539
MinimumVisualStudioVersion = 10.0.40219.1
Project("{FAE04EC0-301F-11D3-BF4B-00C04F79EFBC}") = "GPUPriceChecker", "GPUPriceChecker\GPUPriceChecker.csproj", "{A3C98C55-5F32-4436-A41C-2D37A697AAE1}"
EndProject
Project("{FAE04EC0-301F-11D3-BF4B-00C04F79EFBC}") = "UnitTests", "UnitTests\UnitTests.csproj", "{1DBA77F7-A12A-47E3-9A28-D9B06E29F5BA}"
EndProject
Global
	GlobalSection(SolutionConfigurationPlatforms) = preSolution
		Debug|Any CPU = Debug|Any CPU
		Release|Any CPU = Release|Any CPU
	EndGlobalSection
	GlobalSection(ProjectConfigurationPlatforms) = postSolution
		{A3C98C55-5F32-4436-A41C-2D37A697AAE1}.Debug|Any CPU.ActiveCfg = Debug|Any CPU
		{A3C98C55-5F32-4436-A41C-2D37A697AAE1}.Debug|Any CPU.Build.0 = Debug|Any CPU
		{A3C98C55-5F32-4436-A41C-2D37A697AAE1}.Release|Any CPU.ActiveCfg = Release|Any CPU
		{A3C98C55-5F32-4436-A41C-2D37A697AAE1}.Release|Any CPU.Build.0 = Release|Any CPU
		{1DBA77F7-A12A-47E3-9A28-D9B06E29F5BA}.Debug|Any CPU.ActiveCfg = Debug|Any CPU
		{1DBA77F7-A12A-47E3-9A28-D9B06E29F5BA}.Debug|Any CPU.Build.0 = Debug|Any CPU
		{1DBA77F7-A12A-47E3-9A28-D9B06E29F5BA}.Release|Any CPU.ActiveCfg = Release|Any CPU
		{1DBA77F7-A12A-47E3-9A28-D9B06E29F5BA}.Release|Any CPU.Build.0 = Release|Any CPU
	EndGlobalSection
	GlobalSection(SolutionProperties) = preSolution
		HideSolutionNode = FALSE
	EndGlobalSection
	GlobalSection(ExtensibilityGlobals) = postSolution
		SolutionGuid = {929B7277-2356-4387-A58B-9D8E4C5080EE}
	EndGlobalSection
EndGlobal
